Microsoft Visual Studio Solution File, Format Version 12.00
# Visual Studio 15
VisualStudioVersion = 15.0.27004.2010
MinimumVisualStudioVersion = 10.0.40219.1
Project("{D954291E-2A0B-460D-934E-DC6B0785DB48}") = "DevsDNA.GradientBoxView.Shared", "DevsDNA.GradientBoxView.Shared\DevsDNA.GradientBoxView.Shared.shproj", "{0A410F83-408B-491D-A9AC-54DF24B00FCB}"
EndProject
Project("{FAE04EC0-301F-11D3-BF4B-00C04F79EFBC}") = "DevsDNA.GradientBoxView.iOS", "DevsDNA.GradientBoxView.iOS\DevsDNA.GradientBoxView.iOS.csproj", "{AF79AC2A-FD4F-4116-B3C4-BAC6C94B15A3}"
EndProject
Project("{FAE04EC0-301F-11D3-BF4B-00C04F79EFBC}") = "DevsDNA.GradientBoxView.Android", "DevsDNA.GradientBoxView.Android\DevsDNA.GradientBoxView.Android.csproj", "{21B43B79-0A3B-46F4-BC60-99FAFB0178FA}"
EndProject
Project("{2150E333-8FDC-42A3-9474-1A3956D46DE8}") = "Examples", "Examples", "{AA8BE6E0-C714-48F7-94E1-0CA3B79C6A65}"
EndProject
Project("{FAE04EC0-301F-11D3-BF4B-00C04F79EFBC}") = "GradientBoxViewExample", "Examples\GradientBoxViewExample\GradientBoxViewExample.csproj", "{8255E58C-1326-49CE-9FB8-60B503093B05}"
EndProject
Project("{FAE04EC0-301F-11D3-BF4B-00C04F79EFBC}") = "GradientBoxViewExample.iOS", "Examples\iOS\GradientBoxViewExample.iOS.csproj", "{CDA664C3-67DE-4DF7-ACDE-6D9D4073F930}"
EndProject
Project("{FAE04EC0-301F-11D3-BF4B-00C04F79EFBC}") = "GradientBoxViewExample.Droid", "Examples\Droid\GradientBoxViewExample.Droid.csproj", "{7BFC7AB4-CF3C-4412-831F-1100454C3DC8}"
EndProject
Project("{FAE04EC0-301F-11D3-BF4B-00C04F79EFBC}") = "DevsDNA.GradientBoxView", "DevsDNA.GradientBoxView\DevsDNA.GradientBoxView.csproj", "{F477F821-A149-4DC5-818E-DB9281BF62CA}"
EndProject
Project("{FAE04EC0-301F-11D3-BF4B-00C04F79EFBC}") = "DevsDNA.GradientBoxView.UWP", "DevsDNA.GradientBoxView.UWP\DevsDNA.GradientBoxView.UWP.csproj", "{C53BA87C-952A-443A-967A-22091AA35112}"
EndProject
Project("{FAE04EC0-301F-11D3-BF4B-00C04F79EFBC}") = "GradientBoxViewExample.UWP", "Examples\GradientBoxViewExample.UWP\GradientBoxViewExample.UWP.csproj", "{3C5E181A-2216-4F3F-837C-55765A628FB0}"
EndProject
Global
	GlobalSection(SharedMSBuildProjectFiles) = preSolution
		DevsDNA.GradientBoxView.Shared\DevsDNA.GradientBoxView.Shared.projitems*{0a410f83-408b-491d-a9ac-54df24b00fcb}*SharedItemsImports = 13
		DevsDNA.GradientBoxView.Shared\DevsDNA.GradientBoxView.Shared.projitems*{21b43b79-0a3b-46f4-bc60-99fafb0178fa}*SharedItemsImports = 4
		DevsDNA.GradientBoxView.Shared\DevsDNA.GradientBoxView.Shared.projitems*{af79ac2a-fd4f-4116-b3c4-bac6c94b15a3}*SharedItemsImports = 4
		DevsDNA.GradientBoxView.Shared\DevsDNA.GradientBoxView.Shared.projitems*{c53ba87c-952a-443a-967a-22091aa35112}*SharedItemsImports = 4
		DevsDNA.GradientBoxView.Shared\DevsDNA.GradientBoxView.Shared.projitems*{f477f821-a149-4dc5-818e-db9281bf62ca}*SharedItemsImports = 4
	EndGlobalSection
	GlobalSection(SolutionConfigurationPlatforms) = preSolution
		Debug|Any CPU = Debug|Any CPU
		Debug|ARM = Debug|ARM
		Debug|iPhone = Debug|iPhone
		Debug|iPhoneSimulator = Debug|iPhoneSimulator
		Debug|x64 = Debug|x64
		Debug|x86 = Debug|x86
		Release|Any CPU = Release|Any CPU
		Release|ARM = Release|ARM
		Release|iPhone = Release|iPhone
		Release|iPhoneSimulator = Release|iPhoneSimulator
		Release|x64 = Release|x64
		Release|x86 = Release|x86
	EndGlobalSection
	GlobalSection(ProjectConfigurationPlatforms) = postSolution
		{AF79AC2A-FD4F-4116-B3C4-BAC6C94B15A3}.Debug|Any CPU.ActiveCfg = Debug|Any CPU
		{AF79AC2A-FD4F-4116-B3C4-BAC6C94B15A3}.Debug|Any CPU.Build.0 = Debug|Any CPU
		{AF79AC2A-FD4F-4116-B3C4-BAC6C94B15A3}.Debug|ARM.ActiveCfg = Debug|Any CPU
		{AF79AC2A-FD4F-4116-B3C4-BAC6C94B15A3}.Debug|ARM.Build.0 = Debug|Any CPU
		{AF79AC2A-FD4F-4116-B3C4-BAC6C94B15A3}.Debug|iPhone.ActiveCfg = Debug|Any CPU
		{AF79AC2A-FD4F-4116-B3C4-BAC6C94B15A3}.Debug|iPhone.Build.0 = Debug|Any CPU
		{AF79AC2A-FD4F-4116-B3C4-BAC6C94B15A3}.Debug|iPhoneSimulator.ActiveCfg = Debug|Any CPU
		{AF79AC2A-FD4F-4116-B3C4-BAC6C94B15A3}.Debug|iPhoneSimulator.Build.0 = Debug|Any CPU
		{AF79AC2A-FD4F-4116-B3C4-BAC6C94B15A3}.Debug|x64.ActiveCfg = Debug|Any CPU
		{AF79AC2A-FD4F-4116-B3C4-BAC6C94B15A3}.Debug|x64.Build.0 = Debug|Any CPU
		{AF79AC2A-FD4F-4116-B3C4-BAC6C94B15A3}.Debug|x86.ActiveCfg = Debug|Any CPU
		{AF79AC2A-FD4F-4116-B3C4-BAC6C94B15A3}.Debug|x86.Build.0 = Debug|Any CPU
		{AF79AC2A-FD4F-4116-B3C4-BAC6C94B15A3}.Release|Any CPU.ActiveCfg = Release|Any CPU
		{AF79AC2A-FD4F-4116-B3C4-BAC6C94B15A3}.Release|Any CPU.Build.0 = Release|Any CPU
		{AF79AC2A-FD4F-4116-B3C4-BAC6C94B15A3}.Release|ARM.ActiveCfg = Release|Any CPU
		{AF79AC2A-FD4F-4116-B3C4-BAC6C94B15A3}.Release|ARM.Build.0 = Release|Any CPU
		{AF79AC2A-FD4F-4116-B3C4-BAC6C94B15A3}.Release|iPhone.ActiveCfg = Release|Any CPU
		{AF79AC2A-FD4F-4116-B3C4-BAC6C94B15A3}.Release|iPhone.Build.0 = Release|Any CPU
		{AF79AC2A-FD4F-4116-B3C4-BAC6C94B15A3}.Release|iPhoneSimulator.ActiveCfg = Release|Any CPU
		{AF79AC2A-FD4F-4116-B3C4-BAC6C94B15A3}.Release|iPhoneSimulator.Build.0 = Release|Any CPU
		{AF79AC2A-FD4F-4116-B3C4-BAC6C94B15A3}.Release|x64.ActiveCfg = Release|Any CPU
		{AF79AC2A-FD4F-4116-B3C4-BAC6C94B15A3}.Release|x64.Build.0 = Release|Any CPU
		{AF79AC2A-FD4F-4116-B3C4-BAC6C94B15A3}.Release|x86.ActiveCfg = Release|Any CPU
		{AF79AC2A-FD4F-4116-B3C4-BAC6C94B15A3}.Release|x86.Build.0 = Release|Any CPU
		{21B43B79-0A3B-46F4-BC60-99FAFB0178FA}.Debug|Any CPU.ActiveCfg = Debug|Any CPU
		{21B43B79-0A3B-46F4-BC60-99FAFB0178FA}.Debug|Any CPU.Build.0 = Debug|Any CPU
		{21B43B79-0A3B-46F4-BC60-99FAFB0178FA}.Debug|ARM.ActiveCfg = Debug|Any CPU
		{21B43B79-0A3B-46F4-BC60-99FAFB0178FA}.Debug|ARM.Build.0 = Debug|Any CPU
		{21B43B79-0A3B-46F4-BC60-99FAFB0178FA}.Debug|iPhone.ActiveCfg = Debug|Any CPU
		{21B43B79-0A3B-46F4-BC60-99FAFB0178FA}.Debug|iPhone.Build.0 = Debug|Any CPU
		{21B43B79-0A3B-46F4-BC60-99FAFB0178FA}.Debug|iPhoneSimulator.ActiveCfg = Debug|Any CPU
		{21B43B79-0A3B-46F4-BC60-99FAFB0178FA}.Debug|iPhoneSimulator.Build.0 = Debug|Any CPU
		{21B43B79-0A3B-46F4-BC60-99FAFB0178FA}.Debug|x64.ActiveCfg = Debug|Any CPU
		{21B43B79-0A3B-46F4-BC60-99FAFB0178FA}.Debug|x64.Build.0 = Debug|Any CPU
		{21B43B79-0A3B-46F4-BC60-99FAFB0178FA}.Debug|x86.ActiveCfg = Debug|Any CPU
		{21B43B79-0A3B-46F4-BC60-99FAFB0178FA}.Debug|x86.Build.0 = Debug|Any CPU
		{21B43B79-0A3B-46F4-BC60-99FAFB0178FA}.Release|Any CPU.ActiveCfg = Release|Any CPU
		{21B43B79-0A3B-46F4-BC60-99FAFB0178FA}.Release|Any CPU.Build.0 = Release|Any CPU
		{21B43B79-0A3B-46F4-BC60-99FAFB0178FA}.Release|ARM.ActiveCfg = Release|Any CPU
		{21B43B79-0A3B-46F4-BC60-99FAFB0178FA}.Release|ARM.Build.0 = Release|Any CPU
		{21B43B79-0A3B-46F4-BC60-99FAFB0178FA}.Release|iPhone.ActiveCfg = Release|Any CPU
		{21B43B79-0A3B-46F4-BC60-99FAFB0178FA}.Release|iPhone.Build.0 = Release|Any CPU
		{21B43B79-0A3B-46F4-BC60-99FAFB0178FA}.Release|iPhoneSimulator.ActiveCfg = Release|Any CPU
		{21B43B79-0A3B-46F4-BC60-99FAFB0178FA}.Release|iPhoneSimulator.Build.0 = Release|Any CPU
		{21B43B79-0A3B-46F4-BC60-99FAFB0178FA}.Release|x64.ActiveCfg = Release|Any CPU
		{21B43B79-0A3B-46F4-BC60-99FAFB0178FA}.Release|x64.Build.0 = Release|Any CPU
		{21B43B79-0A3B-46F4-BC60-99FAFB0178FA}.Release|x86.ActiveCfg = Release|Any CPU
		{21B43B79-0A3B-46F4-BC60-99FAFB0178FA}.Release|x86.Build.0 = Release|Any CPU
		{E12297E5-052A-4095-AFC2-CAC2BBD53896}.Debug|Any CPU.ActiveCfg = Debug|Any CPU
		{E12297E5-052A-4095-AFC2-CAC2BBD53896}.Debug|Any CPU.Build.0 = Debug|Any CPU
		{E12297E5-052A-4095-AFC2-CAC2BBD53896}.Debug|ARM.ActiveCfg = Debug|Any CPU
		{E12297E5-052A-4095-AFC2-CAC2BBD53896}.Debug|iPhone.ActiveCfg = Debug|Any CPU
		{E12297E5-052A-4095-AFC2-CAC2BBD53896}.Debug|iPhone.Build.0 = Debug|Any CPU
		{E12297E5-052A-4095-AFC2-CAC2BBD53896}.Debug|iPhoneSimulator.ActiveCfg = Debug|Any CPU
		{E12297E5-052A-4095-AFC2-CAC2BBD53896}.Debug|iPhoneSimulator.Build.0 = Debug|Any CPU
		{E12297E5-052A-4095-AFC2-CAC2BBD53896}.Debug|x64.ActiveCfg = Debug|Any CPU
		{E12297E5-052A-4095-AFC2-CAC2BBD53896}.Debug|x86.ActiveCfg = Debug|Any CPU
		{E12297E5-052A-4095-AFC2-CAC2BBD53896}.Release|Any CPU.ActiveCfg = Release|Any CPU
		{E12297E5-052A-4095-AFC2-CAC2BBD53896}.Release|Any CPU.Build.0 = Release|Any CPU
		{E12297E5-052A-4095-AFC2-CAC2BBD53896}.Release|ARM.ActiveCfg = Release|Any CPU
		{E12297E5-052A-4095-AFC2-CAC2BBD53896}.Release|iPhone.ActiveCfg = Release|Any CPU
		{E12297E5-052A-4095-AFC2-CAC2BBD53896}.Release|iPhone.Build.0 = Release|Any CPU
		{E12297E5-052A-4095-AFC2-CAC2BBD53896}.Release|iPhoneSimulator.ActiveCfg = Release|Any CPU
		{E12297E5-052A-4095-AFC2-CAC2BBD53896}.Release|iPhoneSimulator.Build.0 = Release|Any CPU
		{E12297E5-052A-4095-AFC2-CAC2BBD53896}.Release|x64.ActiveCfg = Release|Any CPU
		{E12297E5-052A-4095-AFC2-CAC2BBD53896}.Release|x86.ActiveCfg = Release|Any CPU
		{8255E58C-1326-49CE-9FB8-60B503093B05}.Debug|Any CPU.ActiveCfg = Debug|Any CPU
		{8255E58C-1326-49CE-9FB8-60B503093B05}.Debug|Any CPU.Build.0 = Debug|Any CPU
		{8255E58C-1326-49CE-9FB8-60B503093B05}.Debug|ARM.ActiveCfg = Debug|Any CPU
		{8255E58C-1326-49CE-9FB8-60B503093B05}.Debug|ARM.Build.0 = Debug|Any CPU
		{8255E58C-1326-49CE-9FB8-60B503093B05}.Debug|iPhone.ActiveCfg = Debug|Any CPU
		{8255E58C-1326-49CE-9FB8-60B503093B05}.Debug|iPhone.Build.0 = Debug|Any CPU
		{8255E58C-1326-49CE-9FB8-60B503093B05}.Debug|iPhoneSimulator.ActiveCfg = Debug|Any CPU
		{8255E58C-1326-49CE-9FB8-60B503093B05}.Debug|iPhoneSimulator.Build.0 = Debug|Any CPU
		{8255E58C-1326-49CE-9FB8-60B503093B05}.Debug|x64.ActiveCfg = Debug|Any CPU
		{8255E58C-1326-49CE-9FB8-60B503093B05}.Debug|x64.Build.0 = Debug|Any CPU
		{8255E58C-1326-49CE-9FB8-60B503093B05}.Debug|x86.ActiveCfg = Debug|Any CPU
		{8255E58C-1326-49CE-9FB8-60B503093B05}.Debug|x86.Build.0 = Debug|Any CPU
		{8255E58C-1326-49CE-9FB8-60B503093B05}.Release|Any CPU.ActiveCfg = Release|Any CPU
		{8255E58C-1326-49CE-9FB8-60B503093B05}.Release|Any CPU.Build.0 = Release|Any CPU
		{8255E58C-1326-49CE-9FB8-60B503093B05}.Release|ARM.ActiveCfg = Release|Any CPU
		{8255E58C-1326-49CE-9FB8-60B503093B05}.Release|ARM.Build.0 = Release|Any CPU
		{8255E58C-1326-49CE-9FB8-60B503093B05}.Release|iPhone.ActiveCfg = Release|Any CPU
		{8255E58C-1326-49CE-9FB8-60B503093B05}.Release|iPhone.Build.0 = Release|Any CPU
		{8255E58C-1326-49CE-9FB8-60B503093B05}.Release|iPhoneSimulator.ActiveCfg = Release|Any CPU
		{8255E58C-1326-49CE-9FB8-60B503093B05}.Release|iPhoneSimulator.Build.0 = Release|Any CPU
		{8255E58C-1326-49CE-9FB8-60B503093B05}.Release|x64.ActiveCfg = Release|Any CPU
		{8255E58C-1326-49CE-9FB8-60B503093B05}.Release|x64.Build.0 = Release|Any CPU
		{8255E58C-1326-49CE-9FB8-60B503093B05}.Release|x86.ActiveCfg = Release|Any CPU
		{8255E58C-1326-49CE-9FB8-60B503093B05}.Release|x86.Build.0 = Release|Any CPU
		{CDA664C3-67DE-4DF7-ACDE-6D9D4073F930}.Debug|Any CPU.ActiveCfg = Debug|iPhoneSimulator
		{CDA664C3-67DE-4DF7-ACDE-6D9D4073F930}.Debug|Any CPU.Build.0 = Debug|iPhoneSimulator
		{CDA664C3-67DE-4DF7-ACDE-6D9D4073F930}.Debug|ARM.ActiveCfg = Debug|iPhone
		{CDA664C3-67DE-4DF7-ACDE-6D9D4073F930}.Debug|iPhone.ActiveCfg = Debug|iPhone
		{CDA664C3-67DE-4DF7-ACDE-6D9D4073F930}.Debug|iPhone.Build.0 = Debug|iPhone
		{CDA664C3-67DE-4DF7-ACDE-6D9D4073F930}.Debug|iPhoneSimulator.ActiveCfg = Debug|iPhoneSimulator
		{CDA664C3-67DE-4DF7-ACDE-6D9D4073F930}.Debug|iPhoneSimulator.Build.0 = Debug|iPhoneSimulator
		{CDA664C3-67DE-4DF7-ACDE-6D9D4073F930}.Debug|x64.ActiveCfg = Debug|iPhone
		{CDA664C3-67DE-4DF7-ACDE-6D9D4073F930}.Debug|x86.ActiveCfg = Debug|iPhone
		{CDA664C3-67DE-4DF7-ACDE-6D9D4073F930}.Release|Any CPU.ActiveCfg = Release|iPhone
		{CDA664C3-67DE-4DF7-ACDE-6D9D4073F930}.Release|Any CPU.Build.0 = Release|iPhone
		{CDA664C3-67DE-4DF7-ACDE-6D9D4073F930}.Release|ARM.ActiveCfg = Release|iPhoneSimulator
		{CDA664C3-67DE-4DF7-ACDE-6D9D4073F930}.Release|iPhone.ActiveCfg = Release|iPhone
		{CDA664C3-67DE-4DF7-ACDE-6D9D4073F930}.Release|iPhone.Build.0 = Release|iPhone
		{CDA664C3-67DE-4DF7-ACDE-6D9D4073F930}.Release|iPhoneSimulator.ActiveCfg = Release|iPhoneSimulator
		{CDA664C3-67DE-4DF7-ACDE-6D9D4073F930}.Release|iPhoneSimulator.Build.0 = Release|iPhoneSimulator
		{CDA664C3-67DE-4DF7-ACDE-6D9D4073F930}.Release|x64.ActiveCfg = Release|iPhoneSimulator
		{CDA664C3-67DE-4DF7-ACDE-6D9D4073F930}.Release|x86.ActiveCfg = Release|iPhoneSimulator
		{7BFC7AB4-CF3C-4412-831F-1100454C3DC8}.Debug|Any CPU.ActiveCfg = Debug|Any CPU
		{7BFC7AB4-CF3C-4412-831F-1100454C3DC8}.Debug|Any CPU.Build.0 = Debug|Any CPU
		{7BFC7AB4-CF3C-4412-831F-1100454C3DC8}.Debug|ARM.ActiveCfg = Debug|Any CPU
		{7BFC7AB4-CF3C-4412-831F-1100454C3DC8}.Debug|ARM.Build.0 = Debug|Any CPU
		{7BFC7AB4-CF3C-4412-831F-1100454C3DC8}.Debug|ARM.Deploy.0 = Debug|Any CPU
		{7BFC7AB4-CF3C-4412-831F-1100454C3DC8}.Debug|iPhone.ActiveCfg = Debug|Any CPU
		{7BFC7AB4-CF3C-4412-831F-1100454C3DC8}.Debug|iPhone.Build.0 = Debug|Any CPU
		{7BFC7AB4-CF3C-4412-831F-1100454C3DC8}.Debug|iPhoneSimulator.ActiveCfg = Debug|Any CPU
		{7BFC7AB4-CF3C-4412-831F-1100454C3DC8}.Debug|iPhoneSimulator.Build.0 = Debug|Any CPU
		{7BFC7AB4-CF3C-4412-831F-1100454C3DC8}.Debug|x64.ActiveCfg = Debug|Any CPU
		{7BFC7AB4-CF3C-4412-831F-1100454C3DC8}.Debug|x64.Build.0 = Debug|Any CPU
		{7BFC7AB4-CF3C-4412-831F-1100454C3DC8}.Debug|x64.Deploy.0 = Debug|Any CPU
		{7BFC7AB4-CF3C-4412-831F-1100454C3DC8}.Debug|x86.ActiveCfg = Debug|Any CPU
		{7BFC7AB4-CF3C-4412-831F-1100454C3DC8}.Debug|x86.Build.0 = Debug|Any CPU
		{7BFC7AB4-CF3C-4412-831F-1100454C3DC8}.Debug|x86.Deploy.0 = Debug|Any CPU
		{7BFC7AB4-CF3C-4412-831F-1100454C3DC8}.Release|Any CPU.ActiveCfg = Release|Any CPU
		{7BFC7AB4-CF3C-4412-831F-1100454C3DC8}.Release|Any CPU.Build.0 = Release|Any CPU
		{7BFC7AB4-CF3C-4412-831F-1100454C3DC8}.Release|ARM.ActiveCfg = Release|Any CPU
		{7BFC7AB4-CF3C-4412-831F-1100454C3DC8}.Release|ARM.Build.0 = Release|Any CPU
		{7BFC7AB4-CF3C-4412-831F-1100454C3DC8}.Release|ARM.Deploy.0 = Release|Any CPU
		{7BFC7AB4-CF3C-4412-831F-1100454C3DC8}.Release|iPhone.ActiveCfg = Release|Any CPU
		{7BFC7AB4-CF3C-4412-831F-1100454C3DC8}.Release|iPhone.Build.0 = Release|Any CPU
		{7BFC7AB4-CF3C-4412-831F-1100454C3DC8}.Release|iPhoneSimulator.ActiveCfg = Release|Any CPU
		{7BFC7AB4-CF3C-4412-831F-1100454C3DC8}.Release|iPhoneSimulator.Build.0 = Release|Any CPU
		{7BFC7AB4-CF3C-4412-831F-1100454C3DC8}.Release|x64.ActiveCfg = Release|Any CPU
		{7BFC7AB4-CF3C-4412-831F-1100454C3DC8}.Release|x64.Build.0 = Release|Any CPU
		{7BFC7AB4-CF3C-4412-831F-1100454C3DC8}.Release|x64.Deploy.0 = Release|Any CPU
		{7BFC7AB4-CF3C-4412-831F-1100454C3DC8}.Release|x86.ActiveCfg = Release|Any CPU
		{7BFC7AB4-CF3C-4412-831F-1100454C3DC8}.Release|x86.Build.0 = Release|Any CPU
		{7BFC7AB4-CF3C-4412-831F-1100454C3DC8}.Release|x86.Deploy.0 = Release|Any CPU
		{F477F821-A149-4DC5-818E-DB9281BF62CA}.Debug|Any CPU.ActiveCfg = Debug|Any CPU
		{F477F821-A149-4DC5-818E-DB9281BF62CA}.Debug|Any CPU.Build.0 = Debug|Any CPU
		{F477F821-A149-4DC5-818E-DB9281BF62CA}.Debug|ARM.ActiveCfg = Debug|Any CPU
		{F477F821-A149-4DC5-818E-DB9281BF62CA}.Debug|ARM.Build.0 = Debug|Any CPU
		{F477F821-A149-4DC5-818E-DB9281BF62CA}.Debug|iPhone.ActiveCfg = Debug|Any CPU
		{F477F821-A149-4DC5-818E-DB9281BF62CA}.Debug|iPhone.Build.0 = Debug|Any CPU
		{F477F821-A149-4DC5-818E-DB9281BF62CA}.Debug|iPhoneSimulator.ActiveCfg = Debug|Any CPU
		{F477F821-A149-4DC5-818E-DB9281BF62CA}.Debug|iPhoneSimulator.Build.0 = Debug|Any CPU
		{F477F821-A149-4DC5-818E-DB9281BF62CA}.Debug|x64.ActiveCfg = Debug|Any CPU
		{F477F821-A149-4DC5-818E-DB9281BF62CA}.Debug|x64.Build.0 = Debug|Any CPU
		{F477F821-A149-4DC5-818E-DB9281BF62CA}.Debug|x86.ActiveCfg = Debug|Any CPU
		{F477F821-A149-4DC5-818E-DB9281BF62CA}.Debug|x86.Build.0 = Debug|Any CPU
		{F477F821-A149-4DC5-818E-DB9281BF62CA}.Release|Any CPU.ActiveCfg = Release|Any CPU
		{F477F821-A149-4DC5-818E-DB9281BF62CA}.Release|Any CPU.Build.0 = Release|Any CPU
		{F477F821-A149-4DC5-818E-DB9281BF62CA}.Release|ARM.ActiveCfg = Release|Any CPU
		{F477F821-A149-4DC5-818E-DB9281BF62CA}.Release|ARM.Build.0 = Release|Any CPU
		{F477F821-A149-4DC5-818E-DB9281BF62CA}.Release|iPhone.ActiveCfg = Release|Any CPU
		{F477F821-A149-4DC5-818E-DB9281BF62CA}.Release|iPhone.Build.0 = Release|Any CPU
		{F477F821-A149-4DC5-818E-DB9281BF62CA}.Release|iPhoneSimulator.ActiveCfg = Release|Any CPU
		{F477F821-A149-4DC5-818E-DB9281BF62CA}.Release|iPhoneSimulator.Build.0 = Release|Any CPU
		{F477F821-A149-4DC5-818E-DB9281BF62CA}.Release|x64.ActiveCfg = Release|Any CPU
		{F477F821-A149-4DC5-818E-DB9281BF62CA}.Release|x64.Build.0 = Release|Any CPU
		{F477F821-A149-4DC5-818E-DB9281BF62CA}.Release|x86.ActiveCfg = Release|Any CPU
		{F477F821-A149-4DC5-818E-DB9281BF62CA}.Release|x86.Build.0 = Release|Any CPU
		{C53BA87C-952A-443A-967A-22091AA35112}.Debug|Any CPU.ActiveCfg = Debug|Any CPU
		{C53BA87C-952A-443A-967A-22091AA35112}.Debug|Any CPU.Build.0 = Debug|Any CPU
		{C53BA87C-952A-443A-967A-22091AA35112}.Debug|ARM.ActiveCfg = Debug|ARM
		{C53BA87C-952A-443A-967A-22091AA35112}.Debug|ARM.Build.0 = Debug|ARM
		{C53BA87C-952A-443A-967A-22091AA35112}.Debug|iPhone.ActiveCfg = Debug|Any CPU
		{C53BA87C-952A-443A-967A-22091AA35112}.Debug|iPhone.Build.0 = Debug|Any CPU
		{C53BA87C-952A-443A-967A-22091AA35112}.Debug|iPhoneSimulator.ActiveCfg = Debug|Any CPU
		{C53BA87C-952A-443A-967A-22091AA35112}.Debug|iPhoneSimulator.Build.0 = Debug|Any CPU
		{C53BA87C-952A-443A-967A-22091AA35112}.Debug|x64.ActiveCfg = Debug|x64
		{C53BA87C-952A-443A-967A-22091AA35112}.Debug|x64.Build.0 = Debug|x64
		{C53BA87C-952A-443A-967A-22091AA35112}.Debug|x86.ActiveCfg = Debug|x86
		{C53BA87C-952A-443A-967A-22091AA35112}.Debug|x86.Build.0 = Debug|x86
		{C53BA87C-952A-443A-967A-22091AA35112}.Release|Any CPU.ActiveCfg = Release|Any CPU
		{C53BA87C-952A-443A-967A-22091AA35112}.Release|Any CPU.Build.0 = Release|Any CPU
		{C53BA87C-952A-443A-967A-22091AA35112}.Release|ARM.ActiveCfg = Release|ARM
		{C53BA87C-952A-443A-967A-22091AA35112}.Release|ARM.Build.0 = Release|ARM
		{C53BA87C-952A-443A-967A-22091AA35112}.Release|iPhone.ActiveCfg = Release|Any CPU
		{C53BA87C-952A-443A-967A-22091AA35112}.Release|iPhone.Build.0 = Release|Any CPU
		{C53BA87C-952A-443A-967A-22091AA35112}.Release|iPhoneSimulator.ActiveCfg = Release|Any CPU
		{C53BA87C-952A-443A-967A-22091AA35112}.Release|iPhoneSimulator.Build.0 = Release|Any CPU
		{C53BA87C-952A-443A-967A-22091AA35112}.Release|x64.ActiveCfg = Release|x64
		{C53BA87C-952A-443A-967A-22091AA35112}.Release|x64.Build.0 = Release|x64
		{C53BA87C-952A-443A-967A-22091AA35112}.Release|x86.ActiveCfg = Release|x86
		{C53BA87C-952A-443A-967A-22091AA35112}.Release|x86.Build.0 = Release|x86
		{3C5E181A-2216-4F3F-837C-55765A628FB0}.Debug|Any CPU.ActiveCfg = Debug|x86
		{3C5E181A-2216-4F3F-837C-55765A628FB0}.Debug|ARM.ActiveCfg = Debug|ARM
		{3C5E181A-2216-4F3F-837C-55765A628FB0}.Debug|ARM.Build.0 = Debug|ARM
		{3C5E181A-2216-4F3F-837C-55765A628FB0}.Debug|ARM.Deploy.0 = Debug|ARM
		{3C5E181A-2216-4F3F-837C-55765A628FB0}.Debug|iPhone.ActiveCfg = Debug|x86
		{3C5E181A-2216-4F3F-837C-55765A628FB0}.Debug|iPhoneSimulator.ActiveCfg = Debug|x86
		{3C5E181A-2216-4F3F-837C-55765A628FB0}.Debug|x64.ActiveCfg = Debug|x64
		{3C5E181A-2216-4F3F-837C-55765A628FB0}.Debug|x64.Build.0 = Debug|x64
		{3C5E181A-2216-4F3F-837C-55765A628FB0}.Debug|x64.Deploy.0 = Debug|x64
		{3C5E181A-2216-4F3F-837C-55765A628FB0}.Debug|x86.ActiveCfg = Debug|x86
		{3C5E181A-2216-4F3F-837C-55765A628FB0}.Debug|x86.Build.0 = Debug|x86
		{3C5E181A-2216-4F3F-837C-55765A628FB0}.Debug|x86.Deploy.0 = Debug|x86
		{3C5E181A-2216-4F3F-837C-55765A628FB0}.Release|Any CPU.ActiveCfg = Release|x86
		{3C5E181A-2216-4F3F-837C-55765A628FB0}.Release|ARM.ActiveCfg = Release|ARM
		{3C5E181A-2216-4F3F-837C-55765A628FB0}.Release|ARM.Build.0 = Release|ARM
		{3C5E181A-2216-4F3F-837C-55765A628FB0}.Release|ARM.Deploy.0 = Release|ARM
		{3C5E181A-2216-4F3F-837C-55765A628FB0}.Release|iPhone.ActiveCfg = Release|x86
		{3C5E181A-2216-4F3F-837C-55765A628FB0}.Release|iPhoneSimulator.ActiveCfg = Release|x86
		{3C5E181A-2216-4F3F-837C-55765A628FB0}.Release|x64.ActiveCfg = Release|x64
		{3C5E181A-2216-4F3F-837C-55765A628FB0}.Release|x64.Build.0 = Release|x64
		{3C5E181A-2216-4F3F-837C-55765A628FB0}.Release|x64.Deploy.0 = Release|x64
		{3C5E181A-2216-4F3F-837C-55765A628FB0}.Release|x86.ActiveCfg = Release|x86
		{3C5E181A-2216-4F3F-837C-55765A628FB0}.Release|x86.Build.0 = Release|x86
		{3C5E181A-2216-4F3F-837C-55765A628FB0}.Release|x86.Deploy.0 = Release|x86
	EndGlobalSection
	GlobalSection(SolutionProperties) = preSolution
		HideSolutionNode = FALSE
	EndGlobalSection
	GlobalSection(NestedProjects) = preSolution
		{8255E58C-1326-49CE-9FB8-60B503093B05} = {AA8BE6E0-C714-48F7-94E1-0CA3B79C6A65}
		{CDA664C3-67DE-4DF7-ACDE-6D9D4073F930} = {AA8BE6E0-C714-48F7-94E1-0CA3B79C6A65}
		{7BFC7AB4-CF3C-4412-831F-1100454C3DC8} = {AA8BE6E0-C714-48F7-94E1-0CA3B79C6A65}
		{3C5E181A-2216-4F3F-837C-55765A628FB0} = {AA8BE6E0-C714-48F7-94E1-0CA3B79C6A65}
	EndGlobalSection
	GlobalSection(ExtensibilityGlobals) = postSolution
		SolutionGuid = {A7DFDF4D-F053-4F21-913E-13223363C1EF}
	EndGlobalSection
EndGlobal
